
Microsoft Visual Studio Solution File, Format Version 12.00
# Visual Studio Version 17
VisualStudioVersion = 17.0.31903.59
MinimumVisualStudioVersion = 10.0.40219.1
Project("{FAE04EC0-301F-11D3-BF4B-00C04F79EFBC}") = "AjGrantRefactorChallenge", "AjGrantRefactorChallenge\AjGrantRefactorChallenge.csproj", "{FC98B5CF-98CC-430D-9B9A-5317C9B7F8CB}"
EndProject
Project("{FAE04EC0-301F-11D3-BF4B-00C04F79EFBC}") = "AjGrantRefactorChallenge.Tests", "AjGrantRefactorChallenge.Tests\AjGrantRefactorChallenge.Tests.csproj", "{B90522EA-05EA-471C-9EA7-F727F6F0B46D}"
EndProject
Project("{2150E333-8FDC-42A3-9474-1A3956D46DE8}") = "SolutionItems", "SolutionItems", "{52CA7629-9326-426D-B4E4-4679A5640969}"
	ProjectSection(SolutionItems) = preProject
		readme.md = readme.md
	EndProjectSection
EndProject
Global
	GlobalSection(SolutionConfigurationPlatforms) = preSolution
		Debug|Any CPU = Debug|Any CPU
		Release|Any CPU = Release|Any CPU
	EndGlobalSection
	GlobalSection(ProjectConfigurationPlatforms) = postSolution
		{FC98B5CF-98CC-430D-9B9A-5317C9B7F8CB}.Debug|Any CPU.ActiveCfg = Debug|Any CPU
		{FC98B5CF-98CC-430D-9B9A-5317C9B7F8CB}.Debug|Any CPU.Build.0 = Debug|Any CPU
		{FC98B5CF-98CC-430D-9B9A-5317C9B7F8CB}.Release|Any CPU.ActiveCfg = Release|Any CPU
		{FC98B5CF-98CC-430D-9B9A-5317C9B7F8CB}.Release|Any CPU.Build.0 = Release|Any CPU
		{B90522EA-05EA-471C-9EA7-F727F6F0B46D}.Debug|Any CPU.ActiveCfg = Debug|Any CPU
		{B90522EA-05EA-471C-9EA7-F727F6F0B46D}.Debug|Any CPU.Build.0 = Debug|Any CPU
		{B90522EA-05EA-471C-9EA7-F727F6F0B46D}.Release|Any CPU.ActiveCfg = Release|Any CPU
		{B90522EA-05EA-471C-9EA7-F727F6F0B46D}.Release|Any CPU.Build.0 = Release|Any CPU
	EndGlobalSection
	GlobalSection(SolutionProperties) = preSolution
		HideSolutionNode = FALSE
	EndGlobalSection
	GlobalSection(ExtensibilityGlobals) = postSolution
		SolutionGuid = {FCB23FB8-6EB8-46AF-87CE-A442908AC6EE}
	EndGlobalSection
EndGlobal
